
Microsoft Visual Studio Solution File, Format Version 12.00
# Visual Studio 15
VisualStudioVersion = 15.0.27428.2005
MinimumVisualStudioVersion = 10.0.40219.1
Project("{FAE04EC0-301F-11D3-BF4B-00C04F79EFBC}") = "PortfolioERB", "PortfolioERB\PortfolioERB.csproj", "{AAE6A606-FC64-4BE6-8C5E-A6086A3CAF03}"
EndProject
Global
	GlobalSection(SolutionConfigurationPlatforms) = preSolution
		Debug|Any CPU = Debug|Any CPU
		Release|Any CPU = Release|Any CPU
	EndGlobalSection
	GlobalSection(ProjectConfigurationPlatforms) = postSolution
		{AAE6A606-FC64-4BE6-8C5E-A6086A3CAF03}.Debug|Any CPU.ActiveCfg = Debug|Any CPU
		{AAE6A606-FC64-4BE6-8C5E-A6086A3CAF03}.Debug|Any CPU.Build.0 = Debug|Any CPU
		{AAE6A606-FC64-4BE6-8C5E-A6086A3CAF03}.Release|Any CPU.ActiveCfg = Release|Any CPU
		{AAE6A606-FC64-4BE6-8C5E-A6086A3CAF03}.Release|Any CPU.Build.0 = Release|Any CPU
	EndGlobalSection
	GlobalSection(SolutionProperties) = preSolution
		HideSolutionNode = FALSE
	EndGlobalSection
	GlobalSection(ExtensibilityGlobals) = postSolution
		SolutionGuid = {BF727002-245B-409D-8A56-E42A06D9439C}
	EndGlobalSection
EndGlobal
